PODS:
  - Flutter (1.0.0)
  - google_signin (0.0.1):
    - Flutter
    - GoogleSignIn
  - GoogleSignIn (4.4.0):
    - "GoogleToolboxForMac/NSDictionary+URLArguments (~> 2.1)"
    - "GoogleToolboxForMac/NSString+URLArguments (~> 2.1)"
    - GTMSessionFetcher/Core (~> 1.1)
  - GoogleToolboxForMac/DebugUtils (2.2.0):
    - GoogleToolboxForMac/Defines (= 2.2.0)
  - GoogleToolboxForMac/Defines (2.2.0)
  - "GoogleToolboxForMac/NSDictionary+URLArguments (2.2.0)":
    - GoogleToolboxForMac/DebugUtils (= 2.2.0)
    - GoogleToolboxForMac/Defines (= 2.2.0)
    - "GoogleToolboxForMac/NSString+URLArguments (= 2.2.0)"
  - "GoogleToolboxForMac/NSString+URLArguments (2.2.0)"
  - GTMSessionFetcher/Core (1.2.1)

DEPENDENCIES:
  - Flutter (from `.symlinks/flutter/ios`)
  - google_signin (from `.symlinks/plugins/google_signin/ios`)

SPEC REPOS:
  https://github.com/cocoapods/specs.git:
    - GoogleSignIn
    - GoogleToolboxForMac
    - GTMSessionFetcher

EXTERNAL SOURCES:
  Flutter:
    :path: ".symlinks/flutter/ios"
  google_signin:
    :path: ".symlinks/plugins/google_signin/ios"

SPEC CHECKSUMS:
  Flutter: 58dd7d1b27887414a370fcccb9e645c08ffd7a6a
  google_signin: bcb5b23779adc996309aedf03013df072be07bd1
  GoogleSignIn: 7ff245e1a7b26d379099d3243a562f5747e23d39
  GoogleToolboxForMac: ff31605b7d66400dcec09bed5861689aebadda4d
  GTMSessionFetcher: 32aeca0aa144acea523e1c8e053089dec2cb98ca

PODFILE CHECKSUM: d231b65d6bea6d24555f84ca7901720538b5791f

COCOAPODS: 1.6.1
